<?xml version="1.0" encoding="utf-8"?>
<Project ToolsVersion="4.0" xmlns="http://schemas.microsoft.com/developer/msbuild/2003">
  <ItemGroup>
    <Filter Include="Source Files">
      <UniqueIdentifier>{e519f884-86d3-4fbb-83bb-8921a1acf36c}</UniqueIdentifier>
    </Filter>
    <Filter Include="Source Files\glfw">
      <UniqueIdentifier>{5673a83e-0d6d-4b79-b015-dc5914aeb469}</UniqueIdentifier>
    </Filter>
  </ItemGroup>
  <ItemGroup>
    <ClCompile Include="..\test.cpp">
      <Filter>Source Files</Filter>
    </ClCompile>
    <ClCompile Include="..\..\src\libs\src\imgui_impl_glfw.cpp">
      <Filter>Source Files\glfw</Filter>
    </ClCompile>
    <ClCompile Include="..\..\src\libs\src\imgui_impl_opengl3.cpp">
      <Filter>Source Files\glfw</Filter>
    </ClCompile>
    <ClCompile Include="platform.cpp">
      <Filter>Source Files</Filter>
    </ClCompile>
  </ItemGroup>
</Project>